
Microsoft Visual Studio Solution File, Format Version 10.00
# Visual Studio 2008
Project("{8BC9CEB8-8B4A-11D0-8D11-00A0C91BC942}") = "Infrastructure", "Infrastructure\Infrastructure.vcproj", "{4F654DF4-796E-4DFD-89A1-001C0D476743}"
EndProject
Project("{8BC9CEB8-8B4A-11D0-8D11-00A0C91BC942}") = "InfrastructureTest", "InfrastructureTest\InfrastructureTest.vcproj", "{D755BE3F-2506-41ED-82B4-B5D2C25FFC3F}"
EndProject
Project("{2150E333-8FDC-42A3-9474-1A3956D46DE8}") = "Solution Items", "Solution Items", "{87FE67CE-489B-4DF2-8878-155639B87EC0}"
	ProjectSection(SolutionItems) = preProject
		Infrastructure.vsmdi = Infrastructure.vsmdi
		LocalTestRun.testrunconfig = LocalTestRun.testrunconfig
	EndProjectSection
EndProject
Global
	GlobalSection(TestCaseManagementSettings) = postSolution
		CategoryFile = Infrastructure.vsmdi
	EndGlobalSection
	GlobalSection(SolutionConfigurationPlatforms) = preSolution
		Debug|Win32 = Debug|Win32
		Release|Win32 = Release|Win32
	EndGlobalSection
	GlobalSection(ProjectConfigurationPlatforms) = postSolution
		{4F654DF4-796E-4DFD-89A1-001C0D476743}.Debug|Win32.ActiveCfg = Debug|Win32
		{4F654DF4-796E-4DFD-89A1-001C0D476743}.Debug|Win32.Build.0 = Debug|Win32
		{4F654DF4-796E-4DFD-89A1-001C0D476743}.Release|Win32.ActiveCfg = Release|Win32
		{4F654DF4-796E-4DFD-89A1-001C0D476743}.Release|Win32.Build.0 = Release|Win32
		{D755BE3F-2506-41ED-82B4-B5D2C25FFC3F}.Debug|Win32.ActiveCfg = Debug|Win32
		{D755BE3F-2506-41ED-82B4-B5D2C25FFC3F}.Debug|Win32.Build.0 = Debug|Win32
		{D755BE3F-2506-41ED-82B4-B5D2C25FFC3F}.Release|Win32.ActiveCfg = Release|Win32
		{D755BE3F-2506-41ED-82B4-B5D2C25FFC3F}.Release|Win32.Build.0 = Release|Win32
	EndGlobalSection
	GlobalSection(SolutionProperties) = preSolution
		HideSolutionNode = FALSE
	EndGlobalSection
EndGlobal
